// !$*UTF8*$!
{
	archiveVersion = 1;
	classes = {
	};
	objectVersion = 48;
	objects = {

/* Begin PBXBuildFile section */
		3B2D79391FD2FF410057A2BF /* ContainerVC.swift in Sources */ = {isa = PBXBuildFile; fileRef = 3B2D79381FD2FF410057A2BF /* ContainerVC.swift */; };
		3B2D793C1FD302500057A2BF /* CenterVCDelegate.swift in Sources */ = {isa = PBXBuildFile; fileRef = 3B2D793B1FD302500057A2BF /* CenterVCDelegate.swift */; };
		3B2D793F1FD404F40057A2BF /* UIViewExt.swift in Sources */ = {isa = PBXBuildFile; fileRef = 3B2D793E1FD404F40057A2BF /* UIViewExt.swift */; };
		3B2D79411FD4537C0057A2BF /* LoginVC.swift in Sources */ = {isa = PBXBuildFile; fileRef = 3B2D79401FD4537C0057A2BF /* LoginVC.swift */; };
		3B2D79491FDBDFA90057A2BF /* RoundedCornerTextField.swift in Sources */ = {isa = PBXBuildFile; fileRef = 3B2D79481FDBDFA90057A2BF /* RoundedCornerTextField.swift */; };
		3BBF10E91FC6109300A4E65C /* AppDelegate.swift in Sources */ = {isa = PBXBuildFile; fileRef = 3BBF10E81FC6109300A4E65C /* AppDelegate.swift */; };
		3BBF10EE1FC6109300A4E65C /* Main.storyboard in Resources */ = {isa = PBXBuildFile; fileRef = 3BBF10EC1FC6109300A4E65C /* Main.storyboard */; };
		3BBF10F01FC6109300A4E65C /* Assets.xcassets in Resources */ = {isa = PBXBuildFile; fileRef = 3BBF10EF1FC6109300A4E65C /* Assets.xcassets */; };
		3BBF10F31FC6109300A4E65C /* LaunchScreen.storyboard in Resources */ = {isa = PBXBuildFile; fileRef = 3BBF10F11FC6109300A4E65C /* LaunchScreen.storyboard */; };
		3BC60EF61FD1BCF7002BA92E /* GradientView.swift in Sources */ = {isa = PBXBuildFile; fileRef = 3BC60EF51FD1BCF7002BA92E /* GradientView.swift */; };
		3BD419A61FD2C4CD008FC043 /* RoundImageView.swift in Sources */ = {isa = PBXBuildFile; fileRef = 3BD419A51FD2C4CD008FC043 /* RoundImageView.swift */; };
		3BD419A81FD2C5E3008FC043 /* RoundedShadowView.swift in Sources */ = {isa = PBXBuildFile; fileRef = 3BD419A71FD2C5E3008FC043 /* RoundedShadowView.swift */; };
		3BD419AA1FD2C6E2008FC043 /* CircleView.swift in Sources */ = {isa = PBXBuildFile; fileRef = 3BD419A91FD2C6E2008FC043 /* CircleView.swift */; };
		3BD419AC1FD2CE5A008FC043 /* RoundedShodowButton.swift in Sources */ = {isa = PBXBuildFile; fileRef = 3BD419AB1FD2CE5A008FC043 /* RoundedShodowButton.swift */; };
		3BD419B01FD2F33D008FC043 /* RightSidePanelVC.swift in Sources */ = {isa = PBXBuildFile; fileRef = 3BD419AF1FD2F33D008FC043 /* RightSidePanelVC.swift */; };
		3BF1A8C51FD2F610008ECB39 /* HomeVC.swift in Sources */ = {isa = PBXBuildFile; fileRef = 3BF1A8C41FD2F610008ECB39 /* HomeVC.swift */; };
		C21628C899F32120B05F6470 /* Pods_CityPickUp.framework in Frameworks */ = {isa = PBXBuildFile; fileRef = 66CA39E53BF4C07D4B5E58AB /* Pods_CityPickUp.framework */; };
/* End PBXBuildFile section */

/* Begin PBXFileReference section */
		3B2D79381FD2FF410057A2BF /* ContainerVC.swift */ = {isa = PBXFileReference; lastKnownFileType = sourcecode.swift; path = ContainerVC.swift; sourceTree = "<group>"; };
		3B2D793B1FD302500057A2BF /* CenterVCDelegate.swift */ = {isa = PBXFileReference; lastKnownFileType = sourcecode.swift; path = CenterVCDelegate.swift; sourceTree = "<group>"; };
		3B2D793E1FD404F40057A2BF /* UIViewExt.swift */ = {isa = PBXFileReference; lastKnownFileType = sourcecode.swift; path = UIViewExt.swift; sourceTree = "<group>"; };
		3B2D79401FD4537C0057A2BF /* LoginVC.swift */ = {isa = PBXFileReference; lastKnownFileType = sourcecode.swift; path = LoginVC.swift; sourceTree = "<group>"; };
		3B2D79481FDBDFA90057A2BF /* RoundedCornerTextField.swift */ = {isa = PBXFileReference; lastKnownFileType = sourcecode.swift; path = RoundedCornerTextField.swift; sourceTree = "<group>"; };
		3BBF10E51FC6109300A4E65C /* CityPickUp.app */ = {isa = PBXFileReference; explicitFileType = wrapper.application; includeInIndex = 0; path = CityPickUp.app; sourceTree = BUILT_PRODUCTS_DIR; };
		3BBF10E81FC6109300A4E65C /* AppDelegate.swift */ = {isa = PBXFileReference; lastKnownFileType = sourcecode.swift; path = AppDelegate.swift; sourceTree = "<group>"; };
		3BBF10ED1FC6109300A4E65C /* Base */ = {isa = PBXFileReference; lastKnownFileType = file.storyboard; name = Base; path = Base.lproj/Main.storyboard; sourceTree = "<group>"; };
		3BBF10EF1FC6109300A4E65C /* Assets.xcassets */ = {isa = PBXFileReference; lastKnownFileType = folder.assetcatalog; path = Assets.xcassets; sourceTree = "<group>"; };
		3BBF10F21FC6109300A4E65C /* Base */ = {isa = PBXFileReference; lastKnownFileType = file.storyboard; name = Base; path = Base.lproj/LaunchScreen.storyboard; sourceTree = "<group>"; };
		3BBF10F41FC6109300A4E65C /* Info.plist */ = {isa = PBXFileReference; lastKnownFileType = text.plist.xml; path = Info.plist; sourceTree = "<group>"; };
		3BC60EF51FD1BCF7002BA92E /* GradientView.swift */ = {isa = PBXFileReference; lastKnownFileType = sourcecode.swift; path = GradientView.swift; sourceTree = "<group>"; };
		3BD419A51FD2C4CD008FC043 /* RoundImageView.swift */ = {isa = PBXFileReference; lastKnownFileType = sourcecode.swift; path = RoundImageView.swift; sourceTree = "<group>"; };
		3BD419A71FD2C5E3008FC043 /* RoundedShadowView.swift */ = {isa = PBXFileReference; lastKnownFileType = sourcecode.swift; path = RoundedShadowView.swift; sourceTree = "<group>"; };
		3BD419A91FD2C6E2008FC043 /* CircleView.swift */ = {isa = PBXFileReference; lastKnownFileType = sourcecode.swift; path = CircleView.swift; sourceTree = "<group>"; };
		3BD419AB1FD2CE5A008FC043 /* RoundedShodowButton.swift */ = {isa = PBXFileReference; lastKnownFileType = sourcecode.swift; path = RoundedShodowButton.swift; sourceTree = "<group>"; };
		3BD419AF1FD2F33D008FC043 /* RightSidePanelVC.swift */ = {isa = PBXFileReference; lastKnownFileType = sourcecode.swift; path = RightSidePanelVC.swift; sourceTree = "<group>"; };
		3BF1A8C41FD2F610008ECB39 /* HomeVC.swift */ = {isa = PBXFileReference; lastKnownFileType = sourcecode.swift; path = HomeVC.swift; sourceTree = "<group>"; };
		66CA39E53BF4C07D4B5E58AB /* Pods_CityPickUp.framework */ = {isa = PBXFileReference; explicitFileType = wrapper.framework; includeInIndex = 0; path = Pods_CityPickUp.framework; sourceTree = BUILT_PRODUCTS_DIR; };
		9FB0092131AF22A71178AD91 /* Pods-CityPickUp.release.xcconfig */ = {isa = PBXFileReference; includeInIndex = 1; lastKnownFileType = text.xcconfig; name = "Pods-CityPickUp.release.xcconfig"; path = "Pods/Target Support Files/Pods-CityPickUp/Pods-CityPickUp.release.xcconfig"; sourceTree = "<group>"; };
		F0DC2A17870FD845E1539F86 /* Pods-CityPickUp.debug.xcconfig */ = {isa = PBXFileReference; includeInIndex = 1; lastKnownFileType = text.xcconfig; name = "Pods-CityPickUp.debug.xcconfig"; path = "Pods/Target Support Files/Pods-CityPickUp/Pods-CityPickUp.debug.xcconfig"; sourceTree = "<group>"; };
/* End PBXFileReference section */

/* Begin PBXFrameworksBuildPhase section */
		3BBF10E21FC6109300A4E65C /* Frameworks */ = {
			isa = PBXFrameworksBuildPhase;
			buildActionMask = 2147483647;
			files = (
				C21628C899F32120B05F6470 /* Pods_CityPickUp.framework in Frameworks */,
			);
			runOnlyForDeploymentPostprocessing = 0;
		};
/* End PBXFrameworksBuildPhase section */

/* Begin PBXGroup section */
		3B2D793A1FD3023E0057A2BF /* Protocols */ = {
			isa = PBXGroup;
			children = (
				3B2D793B1FD302500057A2BF /* CenterVCDelegate.swift */,
			);
			path = Protocols;
			sourceTree = "<group>";
		};
		3B2D793D1FD404DD0057A2BF /* Extensions */ = {
			isa = PBXGroup;
			children = (
				3B2D793E1FD404F40057A2BF /* UIViewExt.swift */,
			);
			path = Extensions;
			sourceTree = "<group>";
		};
		3BBF10DC1FC6109300A4E65C = {
			isa = PBXGroup;
			children = (
				3BBF10E71FC6109300A4E65C /* CityPickUp */,
				3BBF10E61FC6109300A4E65C /* Products */,
				F2978499D6A3885EDD3BAB8A /* Pods */,
				92F2808258A9F80590CA3B74 /* Frameworks */,
			);
			sourceTree = "<group>";
		};
		3BBF10E61FC6109300A4E65C /* Products */ = {
			isa = PBXGroup;
			children = (
				3BBF10E51FC6109300A4E65C /* CityPickUp.app */,
			);
			name = Products;
			sourceTree = "<group>";
		};
		3BBF10E71FC6109300A4E65C /* CityPickUp */ = {
			isa = PBXGroup;
			children = (
				3B2D793D1FD404DD0057A2BF /* Extensions */,
				3B2D793A1FD3023E0057A2BF /* Protocols */,
				3BC60EF41FD1BCD2002BA92E /* Model */,
				3BC60EF31FD1BCC1002BA92E /* View */,
				3BC60EF21FD1BCAB002BA92E /* Controller */,
				3BBF10E81FC6109300A4E65C /* AppDelegate.swift */,
				3BBF10EC1FC6109300A4E65C /* Main.storyboard */,
				3BBF10EF1FC6109300A4E65C /* Assets.xcassets */,
				3BBF10F11FC6109300A4E65C /* LaunchScreen.storyboard */,
				3BBF10F41FC6109300A4E65C /* Info.plist */,
			);
			path = CityPickUp;
			sourceTree = "<group>";
		};
		3BC60EF21FD1BCAB002BA92E /* Controller */ = {
			isa = PBXGroup;
			children = (
				3BD419AF1FD2F33D008FC043 /* RightSidePanelVC.swift */,
				3BF1A8C41FD2F610008ECB39 /* HomeVC.swift */,
				3B2D79381FD2FF410057A2BF /* ContainerVC.swift */,
				3B2D79401FD4537C0057A2BF /* LoginVC.swift */,
			);
			path = Controller;
			sourceTree = "<group>";
		};
		3BC60EF31FD1BCC1002BA92E /* View */ = {
			isa = PBXGroup;
			children = (
				3BC60EF51FD1BCF7002BA92E /* GradientView.swift */,
				3BD419A51FD2C4CD008FC043 /* RoundImageView.swift */,
				3BD419A71FD2C5E3008FC043 /* RoundedShadowView.swift */,
				3BD419A91FD2C6E2008FC043 /* CircleView.swift */,
				3BD419AB1FD2CE5A008FC043 /* RoundedShodowButton.swift */,
				3B2D79481FDBDFA90057A2BF /* RoundedCornerTextField.swift */,
			);
			path = View;
			sourceTree = "<group>";
		};
		3BC60EF41FD1BCD2002BA92E /* Model */ = {
			isa = PBXGroup;
			children = (
			);
			path = Model;
			sourceTree = "<group>";
		};
		92F2808258A9F80590CA3B74 /* Frameworks */ = {
			isa = PBXGroup;
			children = (
				66CA39E53BF4C07D4B5E58AB /* Pods_CityPickUp.framework */,
			);
			name = Frameworks;
			sourceTree = "<group>";
		};
		F2978499D6A3885EDD3BAB8A /* Pods */ = {
			isa = PBXGroup;
			children = (
				F0DC2A17870FD845E1539F86 /* Pods-CityPickUp.debug.xcconfig */,
				9FB0092131AF22A71178AD91 /* Pods-CityPickUp.release.xcconfig */,
			);
			name = Pods;
			sourceTree = "<group>";
		};
/* End PBXGroup section */

/* Begin PBXNativeTarget section */
		3BBF10E41FC6109300A4E65C /* CityPickUp */ = {
			isa = PBXNativeTarget;
			buildConfigurationList = 3BBF10F71FC6109400A4E65C /* Build configuration list for PBXNativeTarget "CityPickUp" */;
			buildPhases = (
				EC20F33A45335DDA5FD0B7A9 /* [CP] Check Pods Manifest.lock */,
				3BBF10E11FC6109300A4E65C /* Sources */,
				3BBF10E21FC6109300A4E65C /* Frameworks */,
				3BBF10E31FC6109300A4E65C /* Resources */,
				132B04C96D30C22EB146082D /* [CP] Embed Pods Frameworks */,
				5646418AA60EC2DCA16D2201 /* [CP] Copy Pods Resources */,
			);
			buildRules = (
			);
			dependencies = (
			);
			name = CityPickUp;
			productName = CityPickUp;
			productReference = 3BBF10E51FC6109300A4E65C /* CityPickUp.app */;
			productType = "com.apple.product-type.application";
		};
/* End PBXNativeTarget section */

/* Begin PBXProject section */
		3BBF10DD1FC6109300A4E65C /* Project object */ = {
			isa = PBXProject;
			attributes = {
				LastSwiftUpdateCheck = 0910;
				LastUpgradeCheck = 0910;
				ORGANIZATIONNAME = "Menny Atia";
				TargetAttributes = {
					3BBF10E41FC6109300A4E65C = {
						CreatedOnToolsVersion = 9.1;
						ProvisioningStyle = Automatic;
					};
				};
			};
			buildConfigurationList = 3BBF10E01FC6109300A4E65C /* Build configuration list for PBXProject "CityPickUp" */;
			compatibilityVersion = "Xcode 8.0";
			developmentRegion = en;
			hasScannedForEncodings = 0;
			knownRegions = (
				en,
				Base,
			);
			mainGroup = 3BBF10DC1FC6109300A4E65C;
			productRefGroup = 3BBF10E61FC6109300A4E65C /* Products */;
			projectDirPath = "";
			projectRoot = "";
			targets = (
				3BBF10E41FC6109300A4E65C /* CityPickUp */,
			);
		};
/* End PBXProject section */

/* Begin PBXResourcesBuildPhase section */
		3BBF10E31FC6109300A4E65C /* Resources */ = {
			isa = PBXResourcesBuildPhase;
			buildActionMask = 2147483647;
			files = (
				3BBF10F31FC6109300A4E65C /* LaunchScreen.storyboard in Resources */,
				3BBF10F01FC6109300A4E65C /* Assets.xcassets in Resources */,
				3BBF10EE1FC6109300A4E65C /* Main.storyboard in Resources */,
			);
			runOnlyForDeploymentPostprocessing = 0;
		};
/* End PBXResourcesBuildPhase section */

/* Begin PBXShellScriptBuildPhase section */
		132B04C96D30C22EB146082D /* [CP] Embed Pods Frameworks */ = {
			isa = PBXShellScriptBuildPhase;
			buildActionMask = 2147483647;
			files = (
			);
			inputPaths = (
			);
			name = "[CP] Embed Pods Frameworks";
			outputPaths = (
			);
			runOnlyForDeploymentPostprocessing = 0;
			shellPath = /bin/sh;
			shellScript = "\"${SRCROOT}/Pods/Target Support Files/Pods-CityPickUp/Pods-CityPickUp-frameworks.sh\"\n";
			showEnvVarsInLog = 0;
		};
		5646418AA60EC2DCA16D2201 /* [CP] Copy Pods Resources */ = {
			isa = PBXShellScriptBuildPhase;
			buildActionMask = 2147483647;
			files = (
			);
			inputPaths = (
			);
			name = "[CP] Copy Pods Resources";
			outputPaths = (
			);
			runOnlyForDeploymentPostprocessing = 0;
			shellPath = /bin/sh;
			shellScript = "\"${SRCROOT}/Pods/Target Support Files/Pods-CityPickUp/Pods-CityPickUp-resources.sh\"\n";
			showEnvVarsInLog = 0;
		};
		EC20F33A45335DDA5FD0B7A9 /* [CP] Check Pods Manifest.lock */ = {
			isa = PBXShellScriptBuildPhase;
			buildActionMask = 2147483647;
			files = (
			);
			inputPaths = (
			);
			name = "[CP] Check Pods Manifest.lock";
			outputPaths = (
			);
			runOnlyForDeploymentPostprocessing = 0;
			shellPath = /bin/sh;
			shellScript = "diff \"${PODS_ROOT}/../Podfile.lock\" \"${PODS_ROOT}/Manifest.lock\" > /dev/null\nif [ $? != 0 ] ; then\n    # print error to STDERR\n    echo \"error: The sandbox is not in sync with the Podfile.lock. Run 'pod install' or update your CocoaPods installation.\" >&2\n    exit 1\nfi\n";
			showEnvVarsInLog = 0;
		};
/* End PBXShellScriptBuildPhase section */

/* Begin PBXSourcesBuildPhase section */
		3BBF10E11FC6109300A4E65C /* Sources */ = {
			isa = PBXSourcesBuildPhase;
			buildActionMask = 2147483647;
			files = (
				3B2D793C1FD302500057A2BF /* CenterVCDelegate.swift in Sources */,
				3BD419AA1FD2C6E2008FC043 /* CircleView.swift in Sources */,
				3B2D79411FD4537C0057A2BF /* LoginVC.swift in Sources */,
				3BF1A8C51FD2F610008ECB39 /* HomeVC.swift in Sources */,
				3BD419B01FD2F33D008FC043 /* RightSidePanelVC.swift in Sources */,
				3B2D79391FD2FF410057A2BF /* ContainerVC.swift in Sources */,
				3B2D793F1FD404F40057A2BF /* UIViewExt.swift in Sources */,
				3BD419AC1FD2CE5A008FC043 /* RoundedShodowButton.swift in Sources */,
				3BD419A61FD2C4CD008FC043 /* RoundImageView.swift in Sources */,
				3BD419A81FD2C5E3008FC043 /* RoundedShadowView.swift in Sources */,
				3B2D79491FDBDFA90057A2BF /* RoundedCornerTextField.swift in Sources */,
				3BBF10E91FC6109300A4E65C /* AppDelegate.swift in Sources */,
				3BC60EF61FD1BCF7002BA92E /* GradientView.swift in Sources */,
			);
			runOnlyForDeploymentPostprocessing = 0;
		};
/* End PBXSourcesBuildPhase section */

/* Begin PBXVariantGroup section */
		3BBF10EC1FC6109300A4E65C /* Main.storyboard */ = {
			isa = PBXVariantGroup;
			children = (
				3BBF10ED1FC6109300A4E65C /* Base */,
			);
			name = Main.storyboard;
			sourceTree = "<group>";
		};
		3BBF10F11FC6109300A4E65C /* LaunchScreen.storyboard */ = {
			isa = PBXVariantGroup;
			children = (
				3BBF10F21FC6109300A4E65C /* Base */,
			);
			name = LaunchScreen.storyboard;
			sourceTree = "<group>";
		};
/* End PBXVariantGroup section */

/* Begin XCBuildConfiguration section */
		3BBF10F51FC6109400A4E65C /* Debug */ = {
			isa = XCBuildConfiguration;
			buildSettings = {
				ALWAYS_SEARCH_USER_PATHS = NO;
				CLANG_ANALYZER_NONNULL = YES;
				CLANG_ANALYZER_NUMBER_OBJECT_CONVERSION = YES_AGGRESSIVE;
				CLANG_CXX_LANGUAGE_STANDARD = "gnu++14";
				CLANG_CXX_LIBRARY = "libc++";
				CLANG_ENABLE_MODULES = YES;
				CLANG_ENABLE_OBJC_ARC = YES;
				CLANG_WARN_BLOCK_CAPTURE_AUTORELEASING = YES;
				CLANG_WARN_BOOL_CONVERSION = YES;
				CLANG_WARN_COMMA = YES;
				CLANG_WARN_CONSTANT_CONVERSION = YES;
				CLANG_WARN_DIRECT_OBJC_ISA_USAGE = YES_ERROR;
				CLANG_WARN_DOCUMENTATION_COMMENTS = YES;
				CLANG_WARN_EMPTY_BODY = YES;
				CLANG_WARN_ENUM_CONVERSION = YES;
				CLANG_WARN_INFINITE_RECURSION = YES;
				CLANG_WARN_INT_CONVERSION = YES;
				CLANG_WARN_NON_LITERAL_NULL_CONVERSION = YES;
				CLANG_WARN_OBJC_LITERAL_CONVERSION = YES;
				CLANG_WARN_OBJC_ROOT_CLASS = YES_ERROR;
				CLANG_WARN_RANGE_LOOP_ANALYSIS = YES;
				CLANG_WARN_STRICT_PROTOTYPES = YES;
				CLANG_WARN_SUSPICIOUS_MOVE = YES;
				CLANG_WARN_UNGUARDED_AVAILABILITY = YES_AGGRESSIVE;
				CLANG_WARN_UNREACHABLE_CODE = YES;
				CLANG_WARN__DUPLICATE_METHOD_MATCH = YES;
				CODE_SIGN_IDENTITY = "iPhone Developer";
				COPY_PHASE_STRIP = NO;
				DEBUG_INFORMATION_FORMAT = dwarf;
				ENABLE_STRICT_OBJC_MSGSEND = YES;
				ENABLE_TESTABILITY = YES;
				GCC_C_LANGUAGE_STANDARD = gnu11;
				GCC_DYNAMIC_NO_PIC = NO;
				GCC_NO_COMMON_BLOCKS = YES;
				GCC_OPTIMIZATION_LEVEL = 0;
				GCC_PREPROCESSOR_DEFINITIONS = (
					"DEBUG=1",
					"$(inherited)",
				);
				GCC_WARN_64_TO_32_BIT_CONVERSION = YES;
				GCC_WARN_ABOUT_RETURN_TYPE = YES_ERROR;
				GCC_WARN_UNDECLARED_SELECTOR = YES;
				GCC_WARN_UNINITIALIZED_AUTOS = YES_AGGRESSIVE;
				GCC_WARN_UNUSED_FUNCTION = YES;
				GCC_WARN_UNUSED_VARIABLE = YES;
				IPHONEOS_DEPLOYMENT_TARGET = 11.1;
				MTL_ENABLE_DEBUG_INFO = YES;
				ONLY_ACTIVE_ARCH = YES;
				SDKROOT = iphoneos;
				SWIFT_ACTIVE_COMPILATION_CONDITIONS = DEBUG;
				SWIFT_OPTIMIZATION_LEVEL = "-Onone";
			};
			name = Debug;
		};
		3BBF10F61FC6109400A4E65C /* Release */ = {
			isa = XCBuildConfiguration;
			buildSettings = {
				ALWAYS_SEARCH_USER_PATHS = NO;
				CLANG_ANALYZER_NONNULL = YES;
				CLANG_ANALYZER_NUMBER_OBJECT_CONVERSION = YES_AGGRESSIVE;
				CLANG_CXX_LANGUAGE_STANDARD = "gnu++14";
				CLANG_CXX_LIBRARY = "libc++";
				CLANG_ENABLE_MODULES = YES;
				CLANG_ENABLE_OBJC_ARC = YES;
				CLANG_WARN_BLOCK_CAPTURE_AUTORELEASING = YES;
				CLANG_WARN_BOOL_CONVERSION = YES;
				CLANG_WARN_COMMA = YES;
				CLANG_WARN_CONSTANT_CONVERSION = YES;
				CLANG_WARN_DIRECT_OBJC_ISA_USAGE = YES_ERROR;
				CLANG_WARN_DOCUMENTATION_COMMENTS = YES;
				CLANG_WARN_EMPTY_BODY = YES;
				CLANG_WARN_ENUM_CONVERSION = YES;
				CLANG_WARN_INFINITE_RECURSION = YES;
				CLANG_WARN_INT_CONVERSION = YES;
				CLANG_WARN_NON_LITERAL_NULL_CONVERSION = YES;
				CLANG_WARN_OBJC_LITERAL_CONVERSION = YES;
				CLANG_WARN_OBJC_ROOT_CLASS = YES_ERROR;
				CLANG_WARN_RANGE_LOOP_ANALYSIS = YES;
				CLANG_WARN_STRICT_PROTOTYPES = YES;
				CLANG_WARN_SUSPICIOUS_MOVE = YES;
				CLANG_WARN_UNGUARDED_AVAILABILITY = YES_AGGRESSIVE;
				CLANG_WARN_UNREACHABLE_CODE = YES;
				CLANG_WARN__DUPLICATE_METHOD_MATCH = YES;
				CODE_SIGN_IDENTITY = "iPhone Developer";
				COPY_PHASE_STRIP = NO;
				DEBUG_INFORMATION_FORMAT = "dwarf-with-dsym";
				ENABLE_NS_ASSERTIONS = NO;
				ENABLE_STRICT_OBJC_MSGSEND = YES;
				GCC_C_LANGUAGE_STANDARD = gnu11;
				GCC_NO_COMMON_BLOCKS = YES;
				GCC_WARN_64_TO_32_BIT_CONVERSION = YES;
				GCC_WARN_ABOUT_RETURN_TYPE = YES_ERROR;
				GCC_WARN_UNDECLARED_SELECTOR = YES;
				GCC_WARN_UNINITIALIZED_AUTOS = YES_AGGRESSIVE;
				GCC_WARN_UNUSED_FUNCTION = YES;
				GCC_WARN_UNUSED_VARIABLE = YES;
				IPHONEOS_DEPLOYMENT_TARGET = 11.1;
				MTL_ENABLE_DEBUG_INFO = NO;
				SDKROOT = iphoneos;
				SWIFT_OPTIMIZATION_LEVEL = "-Owholemodule";
				VALIDATE_PRODUCT = YES;
			};
			name = Release;
		};
		3BBF10F81FC6109400A4E65C /* Debug */ = {
			isa = XCBuildConfiguration;
			baseConfigurationReference = F0DC2A17870FD845E1539F86 /* Pods-CityPickUp.debug.xcconfig */;
			buildSettings = {
				ASSETCATALOG_COMPILER_APPICON_NAME = AppIcon;
				CODE_SIGN_STYLE = Automatic;
				DEVELOPMENT_TEAM = L75GH7F5DZ;
				INFOPLIST_FILE = CityPickUp/Info.plist;
				LD_RUNPATH_SEARCH_PATHS = "$(inherited) @executable_path/Frameworks";
				PRODUCT_BUNDLE_IDENTIFIER = MENNY.CityPickUp;
				PRODUCT_NAME = "$(TARGET_NAME)";
				SWIFT_VERSION = 4.0;
				TARGETED_DEVICE_FAMILY = "1,2";
			};
			name = Debug;
		};
		3BBF10F91FC6109400A4E65C /* Release */ = {
			isa = XCBuildConfiguration;
			baseConfigurationReference = 9FB0092131AF22A71178AD91 /* Pods-CityPickUp.release.xcconfig */;
			buildSettings = {
				ASSETCATALOG_COMPILER_APPICON_NAME = AppIcon;
				CODE_SIGN_STYLE = Automatic;
				DEVELOPMENT_TEAM = L75GH7F5DZ;
				INFOPLIST_FILE = CityPickUp/Info.plist;
				LD_RUNPATH_SEARCH_PATHS = "$(inherited) @executable_path/Frameworks";
				PRODUCT_BUNDLE_IDENTIFIER = MENNY.CityPickUp;
				PRODUCT_NAME = "$(TARGET_NAME)";
				SWIFT_VERSION = 4.0;
				TARGETED_DEVICE_FAMILY = "1,2";
			};
			name = Release;
		};
/* End XCBuildConfiguration section */

/* Begin XCConfigurationList section */
		3BBF10E01FC6109300A4E65C /* Build configuration list for PBXProject "CityPickUp" */ = {
			isa = XCConfigurationList;
			buildConfigurations = (
				3BBF10F51FC6109400A4E65C /* Debug */,
				3BBF10F61FC6109400A4E65C /* Release */,
			);
			defaultConfigurationIsVisible = 0;
			defaultConfigurationName = Release;
		};
		3BBF10F71FC6109400A4E65C /* Build configuration list for PBXNativeTarget "CityPickUp" */ = {
			isa = XCConfigurationList;
			buildConfigurations = (
				3BBF10F81FC6109400A4E65C /* Debug */,
				3BBF10F91FC6109400A4E65C /* Release */,
			);
			defaultConfigurationIsVisible = 0;
			defaultConfigurationName = Release;
		};
/* End XCConfigurationList section */
	};
	rootObject = 3BBF10DD1FC6109300A4E65C /* Project object */;
}
